
Microsoft Visual Studio Solution File, Format Version 12.00
# Visual Studio Version 17
VisualStudioVersion = 17.8.34408.163
MinimumVisualStudioVersion = 10.0.40219.1
Project("{FAE04EC0-301F-11D3-BF4B-00C04F79EFBC}") = "MiPrimeraCalculadora", "MiPrimeraCalculadora\MiPrimeraCalculadora.csproj", "{0D89BBE2-4573-498C-A75A-E1D709A70733}"
EndProject
Global
	GlobalSection(SolutionConfigurationPlatforms) = preSolution
		Debug|Any CPU = Debug|Any CPU
		Release|Any CPU = Release|Any CPU
	EndGlobalSection
	GlobalSection(ProjectConfigurationPlatforms) = postSolution
		{0D89BBE2-4573-498C-A75A-E1D709A70733}.Debug|Any CPU.ActiveCfg = Debug|Any CPU
		{0D89BBE2-4573-498C-A75A-E1D709A70733}.Debug|Any CPU.Build.0 = Debug|Any CPU
		{0D89BBE2-4573-498C-A75A-E1D709A70733}.Release|Any CPU.ActiveCfg = Release|Any CPU
		{0D89BBE2-4573-498C-A75A-E1D709A70733}.Release|Any CPU.Build.0 = Release|Any CPU
	EndGlobalSection
	GlobalSection(SolutionProperties) = preSolution
		HideSolutionNode = FALSE
	EndGlobalSection
	GlobalSection(ExtensibilityGlobals) = postSolution
		SolutionGuid = {3954E73E-FDAC-4837-99D2-9577FE29EFA2}
	EndGlobalSection
EndGlobal
